Microsoft Visual Studio Solution File, Format Version 12.00
# Visual Studio 2012
Project("{FAE04EC0-301F-11D3-BF4B-00C04F79EFBC}") = "3 Denv", "3 Denv.csproj", "{C8F9A327-3C25-4E09-84FB-468BF9AE6E9D}"
EndProject
Global
	GlobalSection(SolutionConfigurationPlatforms) = preSolution
	Debug|Any CPU = Debug|Any CPU
	ExportDebug|Any CPU = ExportDebug|Any CPU
	ExportRelease|Any CPU = ExportRelease|Any CPU
	EndGlobalSection
	GlobalSection(ProjectConfigurationPlatforms) = postSolution
		{C8F9A327-3C25-4E09-84FB-468BF9AE6E9D}.Debug|Any CPU.ActiveCfg = Debug|Any CPU
		{C8F9A327-3C25-4E09-84FB-468BF9AE6E9D}.Debug|Any CPU.Build.0 = Debug|Any CPU
		{C8F9A327-3C25-4E09-84FB-468BF9AE6E9D}.ExportDebug|Any CPU.ActiveCfg = ExportDebug|Any CPU
		{C8F9A327-3C25-4E09-84FB-468BF9AE6E9D}.ExportDebug|Any CPU.Build.0 = ExportDebug|Any CPU
		{C8F9A327-3C25-4E09-84FB-468BF9AE6E9D}.ExportRelease|Any CPU.ActiveCfg = ExportRelease|Any CPU
		{C8F9A327-3C25-4E09-84FB-468BF9AE6E9D}.ExportRelease|Any CPU.Build.0 = ExportRelease|Any CPU
	EndGlobalSection
EndGlobal
